
Microsoft Visual Studio Solution File, Format Version 12.00
# Visual Studio Version 16
VisualStudioVersion = 16.0.29613.14
MinimumVisualStudioVersion = 10.0.40219.1
Project("{FAE04EC0-301F-11D3-BF4B-00C04F79EFBC}") = "LuceMIS4200_940", "LuceMIS4200_940.csproj", "{17ABB99E-F821-48F8-96A7-3EEC503ACE89}"
EndProject
Global
	GlobalSection(SolutionConfigurationPlatforms) = preSolution
		Debug|Any CPU = Debug|Any CPU
		Release|Any CPU = Release|Any CPU
	EndGlobalSection
	GlobalSection(ProjectConfigurationPlatforms) = postSolution
		{17ABB99E-F821-48F8-96A7-3EEC503ACE89}.Debug|Any CPU.ActiveCfg = Debug|Any CPU
		{17ABB99E-F821-48F8-96A7-3EEC503ACE89}.Debug|Any CPU.Build.0 = Debug|Any CPU
		{17ABB99E-F821-48F8-96A7-3EEC503ACE89}.Release|Any CPU.ActiveCfg = Release|Any CPU
		{17ABB99E-F821-48F8-96A7-3EEC503ACE89}.Release|Any CPU.Build.0 = Release|Any CPU
	EndGlobalSection
	GlobalSection(SolutionProperties) = preSolution
		HideSolutionNode = FALSE
	EndGlobalSection
	GlobalSection(ExtensibilityGlobals) = postSolution
		SolutionGuid = {77FFEAE1-65F8-4F39-8CC0-EC7ADAEF1C02}
	EndGlobalSection
EndGlobal
